// !$*UTF8*$!
{
	archiveVersion = 1;
	classes = {
	};
	objectVersion = 46;
	objects = {

/* Begin PBXBuildFile section */
		0E021A2D1B4CB59B00776FCB /* main.m in Sources */ = {isa = PBXBuildFile; fileRef = 0E021A2C1B4CB59B00776FCB /* main.m */; };
		0E021A301B4CB59B00776FCB /* AppDelegate.m in Sources */ = {isa = PBXBuildFile; fileRef = 0E021A2F1B4CB59B00776FCB /* AppDelegate.m */; };
		0E021A331B4CB59B00776FCB /* ViewController.m in Sources */ = {isa = PBXBuildFile; fileRef = 0E021A321B4CB59B00776FCB /* ViewController.m */; };
		0E021A361B4CB59B00776FCB /* Main.storyboard in Resources */ = {isa = PBXBuildFile; fileRef = 0E021A341B4CB59B00776FCB /* Main.storyboard */; };
		0E021A381B4CB59B00776FCB /* Images.xcassets in Resources */ = {isa = PBXBuildFile; fileRef = 0E021A371B4CB59B00776FCB /* Images.xcassets */; };
		0E021A3B1B4CB59B00776FCB /* LaunchScreen.xib in Resources */ = {isa = PBXBuildFile; fileRef = 0E021A391B4CB59B00776FCB /* LaunchScreen.xib */; };
		0E021A471B4CB59B00776FCB /* DemoRombiAniTests.m in Sources */ = {isa = PBXBuildFile; fileRef = 0E021A461B4CB59B00776FCB /* DemoRombiAniTests.m */; };
/* End PBXBuildFile section */

/* Begin PBXContainerItemProxy section */
		0E021A411B4CB59B00776FCB /* PBXContainerItemProxy */ = {
			isa = PBXContainerItemProxy;
			containerPortal = 0E021A1F1B4CB59B00776FCB /* Project object */;
			proxyType = 1;
			remoteGlobalIDString = 0E021A261B4CB59B00776FCB;
			remoteInfo = DemoRombiAni;
		};
/* End PBXContainerItemProxy section */

/* Begin PBXFileReference section */
		0E021A271B4CB59B00776FCB /* DemoRombiAni.app */ = {isa = PBXFileReference; explicitFileType = wrapper.application; includeInIndex = 0; path = DemoRombiAni.app; sourceTree = BUILT_PRODUCTS_DIR; };
		0E021A2B1B4CB59B00776FCB /* Info.plist */ = {isa = PBXFileReference; lastKnownFileType = text.plist.xml; path = Info.plist; sourceTree = "<group>"; };
		0E021A2C1B4CB59B00776FCB /* main.m */ = {isa = PBXFileReference; lastKnownFileType = sourcecode.c.objc; path = main.m; sourceTree = "<group>"; };
		0E021A2E1B4CB59B00776FCB /* AppDelegate.h */ = {isa = PBXFileReference; lastKnownFileType = sourcecode.c.h; path = AppDelegate.h; sourceTree = "<group>"; };
		0E021A2F1B4CB59B00776FCB /* AppDelegate.m */ = {isa = PBXFileReference; lastKnownFileType = sourcecode.c.objc; path = AppDelegate.m; sourceTree = "<group>"; };
		0E021A311B4CB59B00776FCB /* ViewController.h */ = {isa = PBXFileReference; lastKnownFileType = sourcecode.c.h; path = ViewController.h; sourceTree = "<group>"; };
		0E021A321B4CB59B00776FCB /* ViewController.m */ = {isa = PBXFileReference; lastKnownFileType = sourcecode.c.objc; path = ViewController.m; sourceTree = "<group>"; };
		0E021A351B4CB59B00776FCB /* Base */ = {isa = PBXFileReference; lastKnownFileType = file.storyboard; name = Base; path = Base.lproj/Main.storyboard; sourceTree = "<group>"; };
		0E021A371B4CB59B00776FCB /* Images.xcassets */ = {isa = PBXFileReference; lastKnownFileType = folder.assetcatalog; path = Images.xcassets; sourceTree = "<group>"; };
		0E021A3A1B4CB59B00776FCB /* Base */ = {isa = PBXFileReference; lastKnownFileType = file.xib; name = Base; path = Base.lproj/LaunchScreen.xib; sourceTree = "<group>"; };
		0E021A401B4CB59B00776FCB /* DemoRombiAniTests.xctest */ = {isa = PBXFileReference; explicitFileType = wrapper.cfbundle; includeInIndex = 0; path = DemoRombiAniTests.xctest; sourceTree = BUILT_PRODUCTS_DIR; };
		0E021A451B4CB59B00776FCB /* Info.plist */ = {isa = PBXFileReference; lastKnownFileType = text.plist.xml; path = Info.plist; sourceTree = "<group>"; };
		0E021A461B4CB59B00776FCB /* DemoRombiAniTests.m */ = {isa = PBXFileReference; lastKnownFileType = sourcecode.c.objc; path = DemoRombiAniTests.m; sourceTree = "<group>"; };
/* End PBXFileReference section */

/* Begin PBXFrameworksBuildPhase section */
		0E021A241B4CB59B00776FCB /* Frameworks */ = {
			isa = PBXFrameworksBuildPhase;
			buildActionMask = 2147483647;
			files = (
			);
			runOnlyForDeploymentPostprocessing = 0;
		};
		0E021A3D1B4CB59B00776FCB /* Frameworks */ = {
			isa = PBXFrameworksBuildPhase;
			buildActionMask = 2147483647;
			files = (
			);
			runOnlyForDeploymentPostprocessing = 0;
		};
/* End PBXFrameworksBuildPhase section */

/* Begin PBXGroup section */
		0E021A1E1B4CB59B00776FCB = {
			isa = PBXGroup;
			children = (
				0E021A291B4CB59B00776FCB /* DemoRombiAni */,
				0E021A431B4CB59B00776FCB /* DemoRombiAniTests */,
				0E021A281B4CB59B00776FCB /* Products */,
			);
			sourceTree = "<group>";
		};
		0E021A281B4CB59B00776FCB /* Products */ = {
			isa = PBXGroup;
			children = (
				0E021A271B4CB59B00776FCB /* DemoRombiAni.app */,
				0E021A401B4CB59B00776FCB /* DemoRombiAniTests.xctest */,
			);
			name = Products;
			sourceTree = "<group>";
		};
		0E021A291B4CB59B00776FCB /* DemoRombiAni */ = {
			isa = PBXGroup;
			children = (
				0E021A2E1B4CB59B00776FCB /* AppDelegate.h */,
				0E021A2F1B4CB59B00776FCB /* AppDelegate.m */,
				0E021A311B4CB59B00776FCB /* ViewController.h */,
				0E021A321B4CB59B00776FCB /* ViewController.m */,
				0E021A341B4CB59B00776FCB /* Main.storyboard */,
				0E021A371B4CB59B00776FCB /* Images.xcassets */,
				0E021A391B4CB59B00776FCB /* LaunchScreen.xib */,
				0E021A2A1B4CB59B00776FCB /* Supporting Files */,
			);
			path = DemoRombiAni;
			sourceTree = "<group>";
		};
		0E021A2A1B4CB59B00776FCB /* Supporting Files */ = {
			isa = PBXGroup;
			children = (
				0E021A2B1B4CB59B00776FCB /* Info.plist */,
				0E021A2C1B4CB59B00776FCB /* main.m */,
			);
			name = "Supporting Files";
			sourceTree = "<group>";
		};
		0E021A431B4CB59B00776FCB /* DemoRombiAniTests */ = {
			isa = PBXGroup;
			children = (
				0E021A461B4CB59B00776FCB /* DemoRombiAniTests.m */,
				0E021A441B4CB59B00776FCB /* Supporting Files */,
			);
			path = DemoRombiAniTests;
			sourceTree = "<group>";
		};
		0E021A441B4CB59B00776FCB /* Supporting Files */ = {
			isa = PBXGroup;
			children = (
				0E021A451B4CB59B00776FCB /* Info.plist */,
			);
			name = "Supporting Files";
			sourceTree = "<group>";
		};
/* End PBXGroup section */

/* Begin PBXNativeTarget section */
		0E021A261B4CB59B00776FCB /* DemoRombiAni */ = {
			isa = PBXNativeTarget;
			buildConfigurationList = 0E021A4A1B4CB59B00776FCB /* Build configuration list for PBXNativeTarget "DemoRombiAni" */;
			buildPhases = (
				0E021A231B4CB59B00776FCB /* Sources */,
				0E021A241B4CB59B00776FCB /* Frameworks */,
				0E021A251B4CB59B00776FCB /* Resources */,
			);
			buildRules = (
			);
			dependencies = (
			);
			name = DemoRombiAni;
			productName = DemoRombiAni;
			productReference = 0E021A271B4CB59B00776FCB /* DemoRombiAni.app */;
			productType = "com.apple.product-type.application";
		};
		0E021A3F1B4CB59B00776FCB /* DemoRombiAniTests */ = {
			isa = PBXNativeTarget;
			buildConfigurationList = 0E021A4D1B4CB59B00776FCB /* Build configuration list for PBXNativeTarget "DemoRombiAniTests" */;
			buildPhases = (
				0E021A3C1B4CB59B00776FCB /* Sources */,
				0E021A3D1B4CB59B00776FCB /* Frameworks */,
				0E021A3E1B4CB59B00776FCB /* Resources */,
			);
			buildRules = (
			);
			dependencies = (
				0E021A421B4CB59B00776FCB /* PBXTargetDependency */,
			);
			name = DemoRombiAniTests;
			productName = DemoRombiAniTests;
			productReference = 0E021A401B4CB59B00776FCB /* DemoRombiAniTests.xctest */;
			productType = "com.apple.product-type.bundle.unit-test";
		};
/* End PBXNativeTarget section */

/* Begin PBXProject section */
		0E021A1F1B4CB59B00776FCB /* Project object */ = {
			isa = PBXProject;
			attributes = {
				LastUpgradeCheck = 0640;
				ORGANIZATIONNAME = jingfuran;
				TargetAttributes = {
					0E021A261B4CB59B00776FCB = {
						CreatedOnToolsVersion = 6.4;
					};
					0E021A3F1B4CB59B00776FCB = {
						CreatedOnToolsVersion = 6.4;
						TestTargetID = 0E021A261B4CB59B00776FCB;
					};
				};
			};
			buildConfigurationList = 0E021A221B4CB59B00776FCB /* Build configuration list for PBXProject "DemoRombiAni" */;
			compatibilityVersion = "Xcode 3.2";
			developmentRegion = English;
			hasScannedForEncodings = 0;
			knownRegions = (
				en,
				Base,
			);
			mainGroup = 0E021A1E1B4CB59B00776FCB;
			productRefGroup = 0E021A281B4CB59B00776FCB /* Products */;
			projectDirPath = "";
			projectRoot = "";
			targets = (
				0E021A261B4CB59B00776FCB /* DemoRombiAni */,
				0E021A3F1B4CB59B00776FCB /* DemoRombiAniTests */,
			);
		};
/* End PBXProject section */

/* Begin PBXResourcesBuildPhase section */
		0E021A251B4CB59B00776FCB /* Resources */ = {
			isa = PBXResourcesBuildPhase;
			buildActionMask = 2147483647;
			files = (
				0E021A361B4CB59B00776FCB /* Main.storyboard in Resources */,
				0E021A3B1B4CB59B00776FCB /* LaunchScreen.xib in Resources */,
				0E021A381B4CB59B00776FCB /* Images.xcassets in Resources */,
			);
			runOnlyForDeploymentPostprocessing = 0;
		};
		0E021A3E1B4CB59B00776FCB /* Resources */ = {
			isa = PBXResourcesBuildPhase;
			buildActionMask = 2147483647;
			files = (
			);
			runOnlyForDeploymentPostprocessing = 0;
		};
/* End PBXResourcesBuildPhase section */

/* Begin PBXSourcesBuildPhase section */
		0E021A231B4CB59B00776FCB /* Sources */ = {
			isa = PBXSourcesBuildPhase;
			buildActionMask = 2147483647;
			files = (
				0E021A331B4CB59B00776FCB /* ViewController.m in Sources */,
				0E021A301B4CB59B00776FCB /* AppDelegate.m in Sources */,
				0E021A2D1B4CB59B00776FCB /* main.m in Sources */,
			);
			runOnlyForDeploymentPostprocessing = 0;
		};
		0E021A3C1B4CB59B00776FCB /* Sources */ = {
			isa = PBXSourcesBuildPhase;
			buildActionMask = 2147483647;
			files = (
				0E021A471B4CB59B00776FCB /* DemoRombiAniTests.m in Sources */,
			);
			runOnlyForDeploymentPostprocessing = 0;
		};
/* End PBXSourcesBuildPhase section */

/* Begin PBXTargetDependency section */
		0E021A421B4CB59B00776FCB /* PBXTargetDependency */ = {
			isa = PBXTargetDependency;
			target = 0E021A261B4CB59B00776FCB /* DemoRombiAni */;
			targetProxy = 0E021A411B4CB59B00776FCB /* PBXContainerItemProxy */;
		};
/* End PBXTargetDependency section */

/* Begin PBXVariantGroup section */
		0E021A341B4CB59B00776FCB /* Main.storyboard */ = {
			isa = PBXVariantGroup;
			children = (
				0E021A351B4CB59B00776FCB /* Base */,
			);
			name = Main.storyboard;
			sourceTree = "<group>";
		};
		0E021A391B4CB59B00776FCB /* LaunchScreen.xib */ = {
			isa = PBXVariantGroup;
			children = (
				0E021A3A1B4CB59B00776FCB /* Base */,
			);
			name = LaunchScreen.xib;
			sourceTree = "<group>";
		};
/* End PBXVariantGroup section */

/* Begin XCBuildConfiguration section */
		0E021A481B4CB59B00776FCB /* Debug */ = {
			isa = XCBuildConfiguration;
			buildSettings = {
				ALWAYS_SEARCH_USER_PATHS = NO;
				CLANG_CXX_LANGUAGE_STANDARD = "gnu++0x";
				CLANG_CXX_LIBRARY = "libc++";
				CLANG_ENABLE_MODULES = YES;
				CLANG_ENABLE_OBJC_ARC = YES;
				CLANG_WARN_BOOL_CONVERSION = YES;
				CLANG_WARN_CONSTANT_CONVERSION = YES;
				CLANG_WARN_DIRECT_OBJC_ISA_USAGE = YES_ERROR;
				CLANG_WARN_EMPTY_BODY = YES;
				CLANG_WARN_ENUM_CONVERSION = YES;
				CLANG_WARN_INT_CONVERSION = YES;
				CLANG_WARN_OBJC_ROOT_CLASS = YES_ERROR;
				CLANG_WARN_UNREACHABLE_CODE = YES;
				CLANG_WARN__DUPLICATE_METHOD_MATCH = YES;
				"CODE_SIGN_IDENTITY[sdk=iphoneos*]" = "iPhone Developer";
				COPY_PHASE_STRIP = NO;
				DEBUG_INFORMATION_FORMAT = "dwarf-with-dsym";
				ENABLE_STRICT_OBJC_MSGSEND = YES;
				GCC_C_LANGUAGE_STANDARD = gnu99;
				GCC_DYNAMIC_NO_PIC = NO;
				GCC_NO_COMMON_BLOCKS = YES;
				GCC_OPTIMIZATION_LEVEL = 0;
				GCC_PREPROCESSOR_DEFINITIONS = (
					"DEBUG=1",
					"$(inherited)",
				);
				GCC_SYMBOLS_PRIVATE_EXTERN = NO;
				GCC_WARN_64_TO_32_BIT_CONVERSION = YES;
				GCC_WARN_ABOUT_RETURN_TYPE = YES_ERROR;
				GCC_WARN_UNDECLARED_SELECTOR = YES;
				GCC_WARN_UNINITIALIZED_AUTOS = YES_AGGRESSIVE;
				GCC_WARN_UNUSED_FUNCTION = YES;
				GCC_WARN_UNUSED_VARIABLE = YES;
				IPHONEOS_DEPLOYMENT_TARGET = 8.4;
				MTL_ENABLE_DEBUG_INFO = YES;
				ONLY_ACTIVE_ARCH = YES;
				SDKROOT = iphoneos;
			};
			name = Debug;
		};
		0E021A491B4CB59B00776FCB /* Release */ = {
			isa = XCBuildConfiguration;
			buildSettings = {
				ALWAYS_SEARCH_USER_PATHS = NO;
				CLANG_CXX_LANGUAGE_STANDARD = "gnu++0x";
				CLANG_CXX_LIBRARY = "libc++";
				CLANG_ENABLE_MODULES = YES;
				CLANG_ENABLE_OBJC_ARC = YES;
				CLANG_WARN_BOOL_CONVERSION = YES;
				CLANG_WARN_CONSTANT_CONVERSION = YES;
				CLANG_WARN_DIRECT_OBJC_ISA_USAGE = YES_ERROR;
				CLANG_WARN_EMPTY_BODY = YES;
				CLANG_WARN_ENUM_CONVERSION = YES;
				CLANG_WARN_INT_CONVERSION = YES;
				CLANG_WARN_OBJC_ROOT_CLASS = YES_ERROR;
				CLANG_WARN_UNREACHABLE_CODE = YES;
				CLANG_WARN__DUPLICATE_METHOD_MATCH = YES;
				"CODE_SIGN_IDENTITY[sdk=iphoneos*]" = "iPhone Developer";
				COPY_PHASE_STRIP = NO;
				DEBUG_INFORMATION_FORMAT = "dwarf-with-dsym";
				ENABLE_NS_ASSERTIONS = NO;
				ENABLE_STRICT_OBJC_MSGSEND = YES;
				GCC_C_LANGUAGE_STANDARD = gnu99;
				GCC_NO_COMMON_BLOCKS = YES;
				GCC_WARN_64_TO_32_BIT_CONVERSION = YES;
				GCC_WARN_ABOUT_RETURN_TYPE = YES_ERROR;
				GCC_WARN_UNDECLARED_SELECTOR = YES;
				GCC_WARN_UNINITIALIZED_AUTOS = YES_AGGRESSIVE;
				GCC_WARN_UNUSED_FUNCTION = YES;
				GCC_WARN_UNUSED_VARIABLE = YES;
				IPHONEOS_DEPLOYMENT_TARGET = 8.4;
				MTL_ENABLE_DEBUG_INFO = NO;
				SDKROOT = iphoneos;
				VALIDATE_PRODUCT = YES;
			};
			name = Release;
		};
		0E021A4B1B4CB59B00776FCB /* Debug */ = {
			isa = XCBuildConfiguration;
			buildSettings = {
				ASSETCATALOG_COMPILER_APPICON_NAME = AppIcon;
				INFOPLIST_FILE = DemoRombiAni/Info.plist;
				LD_RUNPATH_SEARCH_PATHS = "$(inherited) @executable_path/Frameworks";
				PRODUCT_NAME = "$(TARGET_NAME)";
			};
			name = Debug;
		};
		0E021A4C1B4CB59B00776FCB /* Release */ = {
			isa = XCBuildConfiguration;
			buildSettings = {
				ASSETCATALOG_COMPILER_APPICON_NAME = AppIcon;
				INFOPLIST_FILE = DemoRombiAni/Info.plist;
				LD_RUNPATH_SEARCH_PATHS = "$(inherited) @executable_path/Frameworks";
				PRODUCT_NAME = "$(TARGET_NAME)";
			};
			name = Release;
		};
		0E021A4E1B4CB59B00776FCB /* Debug */ = {
			isa = XCBuildConfiguration;
			buildSettings = {
				BUNDLE_LOADER = "$(TEST_HOST)";
				FRAMEWORK_SEARCH_PATHS = (
					"$(SDKROOT)/Developer/Library/Frameworks",
					"$(inherited)",
				);
				GCC_PREPROCESSOR_DEFINITIONS = (
					"DEBUG=1",
					"$(inherited)",
				);
				INFOPLIST_FILE = DemoRombiAniTests/Info.plist;
				LD_RUNPATH_SEARCH_PATHS = "$(inherited) @executable_path/Frameworks @loader_path/Frameworks";
				PRODUCT_NAME = "$(TARGET_NAME)";
				TEST_HOST = "$(BUILT_PRODUCTS_DIR)/DemoRombiAni.app/DemoRombiAni";
			};
			name = Debug;
		};
		0E021A4F1B4CB59B00776FCB /* Release */ = {
			isa = XCBuildConfiguration;
			buildSettings = {
				BUNDLE_LOADER = "$(TEST_HOST)";
				FRAMEWORK_SEARCH_PATHS = (
					"$(SDKROOT)/Developer/Library/Frameworks",
					"$(inherited)",
				);
				INFOPLIST_FILE = DemoRombiAniTests/Info.plist;
				LD_RUNPATH_SEARCH_PATHS = "$(inherited) @executable_path/Frameworks @loader_path/Frameworks";
				PRODUCT_NAME = "$(TARGET_NAME)";
				TEST_HOST = "$(BUILT_PRODUCTS_DIR)/DemoRombiAni.app/DemoRombiAni";
			};
			name = Release;
		};
/* End XCBuildConfiguration section */

/* Begin XCConfigurationList section */
		0E021A221B4CB59B00776FCB /* Build configuration list for PBXProject "DemoRombiAni" */ = {
			isa = XCConfigurationList;
			buildConfigurations = (
				0E021A481B4CB59B00776FCB /* Debug */,
				0E021A491B4CB59B00776FCB /* Release */,
			);
			defaultConfigurationIsVisible = 0;
			defaultConfigurationName = Release;
		};
		0E021A4A1B4CB59B00776FCB /* Build configuration list for PBXNativeTarget "DemoRombiAni" */ = {
			isa = XCConfigurationList;
			buildConfigurations = (
				0E021A4B1B4CB59B00776FCB /* Debug */,
				0E021A4C1B4CB59B00776FCB /* Release */,
			);
			defaultConfigurationIsVisible = 0;
		};
		0E021A4D1B4CB59B00776FCB /* Build configuration list for PBXNativeTarget "DemoRombiAniTests" */ = {
			isa = XCConfigurationList;
			buildConfigurations = (
				0E021A4E1B4CB59B00776FCB /* Debug */,
				0E021A4F1B4CB59B00776FCB /* Release */,
			);
			defaultConfigurationIsVisible = 0;
		};
/* End XCConfigurationList section */
	};
	rootObject = 0E021A1F1B4CB59B00776FCB /* Project object */;
}
